
Microsoft Visual Studio Solution File, Format Version 12.00
# Visual Studio Version 17
VisualStudioVersion = 17.3.32804.467
MinimumVisualStudioVersion = 10.0.40219.1
Project("{FAE04EC0-301F-11D3-BF4B-00C04F79EFBC}") = "JsonDeserializeTest", "JsonDeserializeTest.csproj", "{5ADF445B-4D1C-492C-8A65-754E08264B38}"
EndProject
Project("{2150E333-8FDC-42A3-9474-1A3956D46DE8}") = "Solution Items", "Solution Items", "{69E2530B-0845-4BB1-A7F3-888B5A4E1DA9}"
	ProjectSection(SolutionItems) = preProject
		Book.cs = Book.cs
	EndProjectSection
EndProject
Global
	GlobalSection(SolutionConfigurationPlatforms) = preSolution
		Debug|Any CPU = Debug|Any CPU
		Release|Any CPU = Release|Any CPU
	EndGlobalSection
	GlobalSection(ProjectConfigurationPlatforms) = postSolution
		{5ADF445B-4D1C-492C-8A65-754E08264B38}.Debug|Any CPU.ActiveCfg = Debug|Any CPU
		{5ADF445B-4D1C-492C-8A65-754E08264B38}.Debug|Any CPU.Build.0 = Debug|Any CPU
		{5ADF445B-4D1C-492C-8A65-754E08264B38}.Release|Any CPU.ActiveCfg = Release|Any CPU
		{5ADF445B-4D1C-492C-8A65-754E08264B38}.Release|Any CPU.Build.0 = Release|Any CPU
	EndGlobalSection
	GlobalSection(SolutionProperties) = preSolution
		HideSolutionNode = FALSE
	EndGlobalSection
	GlobalSection(ExtensibilityGlobals) = postSolution
		SolutionGuid = {D1AB26C6-BF96-43C3-BD7F-50BD5B70BB28}
	EndGlobalSection
EndGlobal
